
Microsoft Visual Studio Solution File, Format Version 12.00
# Visual Studio Version 17
VisualStudioVersion = 17.1.32414.318
MinimumVisualStudioVersion = 10.0.40219.1
Project("{FAE04EC0-301F-11D3-BF4B-00C04F79EFBC}") = "ManejoPresupuesto", "ManejoPresupuesto.csproj", "{F8AC3FBC-0A8C-4F56-94B5-A6E28A0EDB2E}"
EndProject
Global
	GlobalSection(SolutionConfigurationPlatforms) = preSolution
		Debug|Any CPU = Debug|Any CPU
		Release|Any CPU = Release|Any CPU
	EndGlobalSection
	GlobalSection(ProjectConfigurationPlatforms) = postSolution
		{F8AC3FBC-0A8C-4F56-94B5-A6E28A0EDB2E}.Debug|Any CPU.ActiveCfg = Debug|Any CPU
		{F8AC3FBC-0A8C-4F56-94B5-A6E28A0EDB2E}.Debug|Any CPU.Build.0 = Debug|Any CPU
		{F8AC3FBC-0A8C-4F56-94B5-A6E28A0EDB2E}.Release|Any CPU.ActiveCfg = Release|Any CPU
		{F8AC3FBC-0A8C-4F56-94B5-A6E28A0EDB2E}.Release|Any CPU.Build.0 = Release|Any CPU
	EndGlobalSection
	GlobalSection(SolutionProperties) = preSolution
		HideSolutionNode = FALSE
	EndGlobalSection
	GlobalSection(ExtensibilityGlobals) = postSolution
		SolutionGuid = {A2B1D93B-C256-4B27-97B4-FBE7E279B3DE}
	EndGlobalSection
EndGlobal
